
Microsoft Visual Studio Solution File, Format Version 12.00
# Visual Studio Version 17
VisualStudioVersion = 17.8.34511.84
MinimumVisualStudioVersion = 10.0.40219.1
Project("{FAE04EC0-301F-11D3-BF4B-00C04F79EFBC}") = "Remote-IOT-Lab", "Remote-IOT-Lab\Remote-IOT-Lab.csproj", "{52C43C68-5F57-4760-9464-7C0291E8F725}"
EndProject
Global
	GlobalSection(SolutionConfigurationPlatforms) = preSolution
		Debug|Any CPU = Debug|Any CPU
		Release|Any CPU = Release|Any CPU
	EndGlobalSection
	GlobalSection(ProjectConfigurationPlatforms) = postSolution
		{52C43C68-5F57-4760-9464-7C0291E8F725}.Debug|Any CPU.ActiveCfg = Debug|Any CPU
		{52C43C68-5F57-4760-9464-7C0291E8F725}.Debug|Any CPU.Build.0 = Debug|Any CPU
		{52C43C68-5F57-4760-9464-7C0291E8F725}.Release|Any CPU.ActiveCfg = Release|Any CPU
		{52C43C68-5F57-4760-9464-7C0291E8F725}.Release|Any CPU.Build.0 = Release|Any CPU
	EndGlobalSection
	GlobalSection(SolutionProperties) = preSolution
		HideSolutionNode = FALSE
	EndGlobalSection
	GlobalSection(ExtensibilityGlobals) = postSolution
		SolutionGuid = {C9F6B183-3A17-4CFA-81E2-51580A3811CD}
	EndGlobalSection
EndGlobal
